
Microsoft Visual Studio Solution File, Format Version 12.00
# Visual Studio Version 16
VisualStudioVersion = 25.0.1703.4
MinimumVisualStudioVersion = 10.0.40219.1
Project("{FAE04EC0-301F-11D3-BF4B-00C04F79EFBC}") = "csharp-web-dev-exceptions", "csharp-web-dev-exceptions.csproj", "{0ED0CE85-44BB-42DC-97A9-C4609EB1F7D3}"
EndProject
Global
	GlobalSection(SolutionConfigurationPlatforms) = preSolution
		Debug|Any CPU = Debug|Any CPU
		Release|Any CPU = Release|Any CPU
	EndGlobalSection
	GlobalSection(ProjectConfigurationPlatforms) = postSolution
		{0ED0CE85-44BB-42DC-97A9-C4609EB1F7D3}.Debug|Any CPU.ActiveCfg = Debug|Any CPU
		{0ED0CE85-44BB-42DC-97A9-C4609EB1F7D3}.Debug|Any CPU.Build.0 = Debug|Any CPU
		{0ED0CE85-44BB-42DC-97A9-C4609EB1F7D3}.Release|Any CPU.ActiveCfg = Release|Any CPU
		{0ED0CE85-44BB-42DC-97A9-C4609EB1F7D3}.Release|Any CPU.Build.0 = Release|Any CPU
	EndGlobalSection
	GlobalSection(SolutionProperties) = preSolution
		HideSolutionNode = FALSE
	EndGlobalSection
	GlobalSection(ExtensibilityGlobals) = postSolution
		SolutionGuid = {4119C9E6-0EDE-4DDE-9094-B1A059824D88}
	EndGlobalSection
EndGlobal
