
Microsoft Visual Studio Solution File, Format Version 12.00
# Visual Studio Version 16
VisualStudioVersion = 25.0.1703.4
MinimumVisualStudioVersion = 10.0.40219.1
Project("{FAE04EC0-301F-11D3-BF4B-00C04F79EFBC}") = "Unit1-TempExceptions", "Unit1-TempExceptions.csproj", "{0FB77D5D-F479-47B7-8F3A-3C4A179962EB}"
EndProject
Global
	GlobalSection(SolutionConfigurationPlatforms) = preSolution
		Debug|Any CPU = Debug|Any CPU
		Release|Any CPU = Release|Any CPU
	EndGlobalSection
	GlobalSection(ProjectConfigurationPlatforms) = postSolution
		{0FB77D5D-F479-47B7-8F3A-3C4A179962EB}.Debug|Any CPU.ActiveCfg = Debug|Any CPU
		{0FB77D5D-F479-47B7-8F3A-3C4A179962EB}.Debug|Any CPU.Build.0 = Debug|Any CPU
		{0FB77D5D-F479-47B7-8F3A-3C4A179962EB}.Release|Any CPU.ActiveCfg = Release|Any CPU
		{0FB77D5D-F479-47B7-8F3A-3C4A179962EB}.Release|Any CPU.Build.0 = Release|Any CPU
	EndGlobalSection
	GlobalSection(SolutionProperties) = preSolution
		HideSolutionNode = FALSE
	EndGlobalSection
	GlobalSection(ExtensibilityGlobals) = postSolution
		SolutionGuid = {1863D3A9-3398-415D-BF70-B2417A2DF26D}
	EndGlobalSection
EndGlobal
